// !$*UTF8*$!
{
	archiveVersion = 1;
	classes = {
	};
	objectVersion = 55;
	objects = {

/* Begin PBXBuildFile section */
		4ECAAA6B282D814D00519EF6 /* BullseyeApp.swift in Sources */ = {isa = PBXBuildFile; fileRef = 4ECAAA6A282D814D00519EF6 /* BullseyeApp.swift */; };
		4ECAAA6D282D814D00519EF6 /* ContentView.swift in Sources */ = {isa = PBXBuildFile; fileRef = 4ECAAA6C282D814D00519EF6 /* ContentView.swift */; };
		4ECAAA6F282D815000519EF6 /* Assets.xcassets in Resources */ = {isa = PBXBuildFile; fileRef = 4ECAAA6E282D815000519EF6 /* Assets.xcassets */; };
		4ECAAA72282D815000519EF6 /* Preview Assets.xcassets in Resources */ = {isa = PBXBuildFile; fileRef = 4ECAAA71282D815000519EF6 /* Preview Assets.xcassets */; };
		4ECAAA7C282D815000519EF6 /* BullseyeTests.swift in Sources */ = {isa = PBXBuildFile; fileRef = 4ECAAA7B282D815000519EF6 /* BullseyeTests.swift */; };
		4ECAAA86282D815000519EF6 /* BullseyeUITests.swift in Sources */ = {isa = PBXBuildFile; fileRef = 4ECAAA85282D815000519EF6 /* BullseyeUITests.swift */; };
		4ECAAA88282D815000519EF6 /* BullseyeUITestsLaunchTests.swift in Sources */ = {isa = PBXBuildFile; fileRef = 4ECAAA87282D815000519EF6 /* BullseyeUITestsLaunchTests.swift */; };
		4EDDEFAC2839B3820086213B /* Game.swift in Sources */ = {isa = PBXBuildFile; fileRef = 4EDDEFAB2839B3820086213B /* Game.swift */; };
/* End PBXBuildFile section */

/* Begin PBXContainerItemProxy section */
		4ECAAA78282D815000519EF6 /* PBXContainerItemProxy */ = {
			isa = PBXContainerItemProxy;
			containerPortal = 4ECAAA5F282D814D00519EF6 /* Project object */;
			proxyType = 1;
			remoteGlobalIDString = 4ECAAA66282D814D00519EF6;
			remoteInfo = Bullseye;
		};
		4ECAAA82282D815000519EF6 /* PBXContainerItemProxy */ = {
			isa = PBXContainerItemProxy;
			containerPortal = 4ECAAA5F282D814D00519EF6 /* Project object */;
			proxyType = 1;
			remoteGlobalIDString = 4ECAAA66282D814D00519EF6;
			remoteInfo = Bullseye;
		};
/* End PBXContainerItemProxy section */

/* Begin PBXFileReference section */
		4ECAAA67282D814D00519EF6 /* Bullseye.app */ = {isa = PBXFileReference; explicitFileType = wrapper.application; includeInIndex = 0; path = Bullseye.app; sourceTree = BUILT_PRODUCTS_DIR; };
		4ECAAA6A282D814D00519EF6 /* BullseyeApp.swift */ = {isa = PBXFileReference; lastKnownFileType = sourcecode.swift; path = BullseyeApp.swift; sourceTree = "<group>"; };
		4ECAAA6C282D814D00519EF6 /* ContentView.swift */ = {isa = PBXFileReference; lastKnownFileType = sourcecode.swift; path = ContentView.swift; sourceTree = "<group>"; wrapsLines = 1; };
		4ECAAA6E282D815000519EF6 /* Assets.xcassets */ = {isa = PBXFileReference; lastKnownFileType = folder.assetcatalog; path = Assets.xcassets; sourceTree = "<group>"; };
		4ECAAA71282D815000519EF6 /* Preview Assets.xcassets */ = {isa = PBXFileReference; lastKnownFileType = folder.assetcatalog; path = "Preview Assets.xcassets"; sourceTree = "<group>"; };
		4ECAAA77282D815000519EF6 /* BullseyeTests.xctest */ = {isa = PBXFileReference; explicitFileType = wrapper.cfbundle; includeInIndex = 0; path = BullseyeTests.xctest; sourceTree = BUILT_PRODUCTS_DIR; };
		4ECAAA7B282D815000519EF6 /* BullseyeTests.swift */ = {isa = PBXFileReference; lastKnownFileType = sourcecode.swift; path = BullseyeTests.swift; sourceTree = "<group>"; };
		4ECAAA81282D815000519EF6 /* BullseyeUITests.xctest */ = {isa = PBXFileReference; explicitFileType = wrapper.cfbundle; includeInIndex = 0; path = BullseyeUITests.xctest; sourceTree = BUILT_PRODUCTS_DIR; };
		4ECAAA85282D815000519EF6 /* BullseyeUITests.swift */ = {isa = PBXFileReference; lastKnownFileType = sourcecode.swift; path = BullseyeUITests.swift; sourceTree = "<group>"; };
		4ECAAA87282D815000519EF6 /* BullseyeUITestsLaunchTests.swift */ = {isa = PBXFileReference; lastKnownFileType = sourcecode.swift; path = BullseyeUITestsLaunchTests.swift; sourceTree = "<group>"; };
		4EDDEFAB2839B3820086213B /* Game.swift */ = {isa = PBXFileReference; lastKnownFileType = sourcecode.swift; path = Game.swift; sourceTree = "<group>"; };
/* End PBXFileReference section */

/* Begin PBXFrameworksBuildPhase section */
		4ECAAA64282D814D00519EF6 /* Frameworks */ = {
			isa = PBXFrameworksBuildPhase;
			buildActionMask = 2147483647;
			files = (
			);
			runOnlyForDeploymentPostprocessing = 0;
		};
		4ECAAA74282D815000519EF6 /* Frameworks */ = {
			isa = PBXFrameworksBuildPhase;
			buildActionMask = 2147483647;
			files = (
			);
			runOnlyForDeploymentPostprocessing = 0;
		};
		4ECAAA7E282D815000519EF6 /* Frameworks */ = {
			isa = PBXFrameworksBuildPhase;
			buildActionMask = 2147483647;
			files = (
			);
			runOnlyForDeploymentPostprocessing = 0;
		};
/* End PBXFrameworksBuildPhase section */

/* Begin PBXGroup section */
		4ECAAA5E282D814D00519EF6 = {
			isa = PBXGroup;
			children = (
				4ECAAA69282D814D00519EF6 /* Bullseye */,
				4ECAAA7A282D815000519EF6 /* BullseyeTests */,
				4ECAAA84282D815000519EF6 /* BullseyeUITests */,
				4ECAAA68282D814D00519EF6 /* Products */,
			);
			sourceTree = "<group>";
		};
		4ECAAA68282D814D00519EF6 /* Products */ = {
			isa = PBXGroup;
			children = (
				4ECAAA67282D814D00519EF6 /* Bullseye.app */,
				4ECAAA77282D815000519EF6 /* BullseyeTests.xctest */,
				4ECAAA81282D815000519EF6 /* BullseyeUITests.xctest */,
			);
			name = Products;
			sourceTree = "<group>";
		};
		4ECAAA69282D814D00519EF6 /* Bullseye */ = {
			isa = PBXGroup;
			children = (
				4EDDEFAA2839B28C0086213B /* View */,
				4EDDEFA92839B2870086213B /* App */,
				4EDDEFA82839B2800086213B /* Model */,
			);
			path = Bullseye;
			sourceTree = "<group>";
		};
		4ECAAA70282D815000519EF6 /* Preview Content */ = {
			isa = PBXGroup;
			children = (
				4ECAAA71282D815000519EF6 /* Preview Assets.xcassets */,
			);
			path = "Preview Content";
			sourceTree = "<group>";
		};
		4ECAAA7A282D815000519EF6 /* BullseyeTests */ = {
			isa = PBXGroup;
			children = (
				4ECAAA7B282D815000519EF6 /* BullseyeTests.swift */,
			);
			path = BullseyeTests;
			sourceTree = "<group>";
		};
		4ECAAA84282D815000519EF6 /* BullseyeUITests */ = {
			isa = PBXGroup;
			children = (
				4ECAAA85282D815000519EF6 /* BullseyeUITests.swift */,
				4ECAAA87282D815000519EF6 /* BullseyeUITestsLaunchTests.swift */,
			);
			path = BullseyeUITests;
			sourceTree = "<group>";
		};
		4EDDEFA82839B2800086213B /* Model */ = {
			isa = PBXGroup;
			children = (
				4EDDEFAB2839B3820086213B /* Game.swift */,
			);
			path = Model;
			sourceTree = "<group>";
		};
		4EDDEFA92839B2870086213B /* App */ = {
			isa = PBXGroup;
			children = (
				4ECAAA6A282D814D00519EF6 /* BullseyeApp.swift */,
				4ECAAA6E282D815000519EF6 /* Assets.xcassets */,
				4ECAAA70282D815000519EF6 /* Preview Content */,
			);
			path = App;
			sourceTree = "<group>";
		};
		4EDDEFAA2839B28C0086213B /* View */ = {
			isa = PBXGroup;
			children = (
				4ECAAA6C282D814D00519EF6 /* ContentView.swift */,
			);
			path = View;
			sourceTree = "<group>";
		};
/* End PBXGroup section */

/* Begin PBXNativeTarget section */
		4ECAAA66282D814D00519EF6 /* Bullseye */ = {
			isa = PBXNativeTarget;
			buildConfigurationList = 4ECAAA8B282D815000519EF6 /* Build configuration list for PBXNativeTarget "Bullseye" */;
			buildPhases = (
				4ECAAA63282D814D00519EF6 /* Sources */,
				4ECAAA64282D814D00519EF6 /* Frameworks */,
				4ECAAA65282D814D00519EF6 /* Resources */,
			);
			buildRules = (
			);
			dependencies = (
			);
			name = Bullseye;
			productName = Bullseye;
			productReference = 4ECAAA67282D814D00519EF6 /* Bullseye.app */;
			productType = "com.apple.product-type.application";
		};
		4ECAAA76282D815000519EF6 /* BullseyeTests */ = {
			isa = PBXNativeTarget;
			buildConfigurationList = 4ECAAA8E282D815000519EF6 /* Build configuration list for PBXNativeTarget "BullseyeTests" */;
			buildPhases = (
				4ECAAA73282D815000519EF6 /* Sources */,
				4ECAAA74282D815000519EF6 /* Frameworks */,
				4ECAAA75282D815000519EF6 /* Resources */,
			);
			buildRules = (
			);
			dependencies = (
				4ECAAA79282D815000519EF6 /* PBXTargetDependency */,
			);
			name = BullseyeTests;
			productName = BullseyeTests;
			productReference = 4ECAAA77282D815000519EF6 /* BullseyeTests.xctest */;
			productType = "com.apple.product-type.bundle.unit-test";
		};
		4ECAAA80282D815000519EF6 /* BullseyeUITests */ = {
			isa = PBXNativeTarget;
			buildConfigurationList = 4ECAAA91282D815000519EF6 /* Build configuration list for PBXNativeTarget "BullseyeUITests" */;
			buildPhases = (
				4ECAAA7D282D815000519EF6 /* Sources */,
				4ECAAA7E282D815000519EF6 /* Frameworks */,
				4ECAAA7F282D815000519EF6 /* Resources */,
			);
			buildRules = (
			);
			dependencies = (
				4ECAAA83282D815000519EF6 /* PBXTargetDependency */,
			);
			name = BullseyeUITests;
			productName = BullseyeUITests;
			productReference = 4ECAAA81282D815000519EF6 /* BullseyeUITests.xctest */;
			productType = "com.apple.product-type.bundle.ui-testing";
		};
/* End PBXNativeTarget section */

/* Begin PBXProject section */
		4ECAAA5F282D814D00519EF6 /* Project object */ = {
			isa = PBXProject;
			attributes = {
				BuildIndependentTargetsInParallel = 1;
				LastSwiftUpdateCheck = 1330;
				LastUpgradeCheck = 1330;
				TargetAttributes = {
					4ECAAA66282D814D00519EF6 = {
						CreatedOnToolsVersion = 13.3.1;
					};
					4ECAAA76282D815000519EF6 = {
						CreatedOnToolsVersion = 13.3.1;
						TestTargetID = 4ECAAA66282D814D00519EF6;
					};
					4ECAAA80282D815000519EF6 = {
						CreatedOnToolsVersion = 13.3.1;
						TestTargetID = 4ECAAA66282D814D00519EF6;
					};
				};
			};
			buildConfigurationList = 4ECAAA62282D814D00519EF6 /* Build configuration list for PBXProject "Bullseye" */;
			compatibilityVersion = "Xcode 13.0";
			developmentRegion = en;
			hasScannedForEncodings = 0;
			knownRegions = (
				en,
				Base,
			);
			mainGroup = 4ECAAA5E282D814D00519EF6;
			productRefGroup = 4ECAAA68282D814D00519EF6 /* Products */;
			projectDirPath = "";
			projectRoot = "";
			targets = (
				4ECAAA66282D814D00519EF6 /* Bullseye */,
				4ECAAA76282D815000519EF6 /* BullseyeTests */,
				4ECAAA80282D815000519EF6 /* BullseyeUITests */,
			);
		};
/* End PBXProject section */

/* Begin PBXResourcesBuildPhase section */
		4ECAAA65282D814D00519EF6 /* Resources */ = {
			isa = PBXResourcesBuildPhase;
			buildActionMask = 2147483647;
			files = (
				4ECAAA72282D815000519EF6 /* Preview Assets.xcassets in Resources */,
				4ECAAA6F282D815000519EF6 /* Assets.xcassets in Resources */,
			);
			runOnlyForDeploymentPostprocessing = 0;
		};
		4ECAAA75282D815000519EF6 /* Resources */ = {
			isa = PBXResourcesBuildPhase;
			buildActionMask = 2147483647;
			files = (
			);
			runOnlyForDeploymentPostprocessing = 0;
		};
		4ECAAA7F282D815000519EF6 /* Resources */ = {
			isa = PBXResourcesBuildPhase;
			buildActionMask = 2147483647;
			files = (
			);
			runOnlyForDeploymentPostprocessing = 0;
		};
/* End PBXResourcesBuildPhase section */

/* Begin PBXSourcesBuildPhase section */
		4ECAAA63282D814D00519EF6 /* Sources */ = {
			isa = PBXSourcesBuildPhase;
			buildActionMask = 2147483647;
			files = (
				4ECAAA6D282D814D00519EF6 /* ContentView.swift in Sources */,
				4EDDEFAC2839B3820086213B /* Game.swift in Sources */,
				4ECAAA6B282D814D00519EF6 /* BullseyeApp.swift in Sources */,
			);
			runOnlyForDeploymentPostprocessing = 0;
		};
		4ECAAA73282D815000519EF6 /* Sources */ = {
			isa = PBXSourcesBuildPhase;
			buildActionMask = 2147483647;
			files = (
				4ECAAA7C282D815000519EF6 /* BullseyeTests.swift in Sources */,
			);
			runOnlyForDeploymentPostprocessing = 0;
		};
		4ECAAA7D282D815000519EF6 /* Sources */ = {
			isa = PBXSourcesBuildPhase;
			buildActionMask = 2147483647;
			files = (
				4ECAAA88282D815000519EF6 /* BullseyeUITestsLaunchTests.swift in Sources */,
				4ECAAA86282D815000519EF6 /* BullseyeUITests.swift in Sources */,
			);
			runOnlyForDeploymentPostprocessing = 0;
		};
/* End PBXSourcesBuildPhase section */

/* Begin PBXTargetDependency section */
		4ECAAA79282D815000519EF6 /* PBXTargetDependency */ = {
			isa = PBXTargetDependency;
			target = 4ECAAA66282D814D00519EF6 /* Bullseye */;
			targetProxy = 4ECAAA78282D815000519EF6 /* PBXContainerItemProxy */;
		};
		4ECAAA83282D815000519EF6 /* PBXTargetDependency */ = {
			isa = PBXTargetDependency;
			target = 4ECAAA66282D814D00519EF6 /* Bullseye */;
			targetProxy = 4ECAAA82282D815000519EF6 /* PBXContainerItemProxy */;
		};
/* End PBXTargetDependency section */

/* Begin XCBuildConfiguration section */
		4ECAAA89282D815000519EF6 /* Debug */ = {
			isa = XCBuildConfiguration;
			buildSettings = {
				ALWAYS_SEARCH_USER_PATHS = NO;
				CLANG_ANALYZER_NONNULL = YES;
				CLANG_ANALYZER_NUMBER_OBJECT_CONVERSION = YES_AGGRESSIVE;
				CLANG_CXX_LANGUAGE_STANDARD = "gnu++17";
				CLANG_ENABLE_MODULES = YES;
				CLANG_ENABLE_OBJC_ARC = YES;
				CLANG_ENABLE_OBJC_WEAK = YES;
				CLANG_WARN_BLOCK_CAPTURE_AUTORELEASING = YES;
				CLANG_WARN_BOOL_CONVERSION = YES;
				CLANG_WARN_COMMA = YES;
				CLANG_WARN_CONSTANT_CONVERSION = YES;
				CLANG_WARN_DEPRECATED_OBJC_IMPLEMENTATIONS = YES;
				CLANG_WARN_DIRECT_OBJC_ISA_USAGE = YES_ERROR;
				CLANG_WARN_DOCUMENTATION_COMMENTS = YES;
				CLANG_WARN_EMPTY_BODY = YES;
				CLANG_WARN_ENUM_CONVERSION = YES;
				CLANG_WARN_INFINITE_RECURSION = YES;
				CLANG_WARN_INT_CONVERSION = YES;
				CLANG_WARN_NON_LITERAL_NULL_CONVERSION = YES;
				CLANG_WARN_OBJC_IMPLICIT_RETAIN_SELF = YES;
				CLANG_WARN_OBJC_LITERAL_CONVERSION = YES;
				CLANG_WARN_OBJC_ROOT_CLASS = YES_ERROR;
				CLANG_WARN_QUOTED_INCLUDE_IN_FRAMEWORK_HEADER = YES;
				CLANG_WARN_RANGE_LOOP_ANALYSIS = YES;
				CLANG_WARN_STRICT_PROTOTYPES = YES;
				CLANG_WARN_SUSPICIOUS_MOVE = YES;
				CLANG_WARN_UNGUARDED_AVAILABILITY = YES_AGGRESSIVE;
				CLANG_WARN_UNREACHABLE_CODE = YES;
				CLANG_WARN__DUPLICATE_METHOD_MATCH = YES;
				COPY_PHASE_STRIP = NO;
				DEBUG_INFORMATION_FORMAT = dwarf;
				ENABLE_STRICT_OBJC_MSGSEND = YES;
				ENABLE_TESTABILITY = YES;
				GCC_C_LANGUAGE_STANDARD = gnu11;
				GCC_DYNAMIC_NO_PIC = NO;
				GCC_NO_COMMON_BLOCKS = YES;
				GCC_OPTIMIZATION_LEVEL = 0;
				GCC_PREPROCESSOR_DEFINITIONS = (
					"DEBUG=1",
					"$(inherited)",
				);
				GCC_WARN_64_TO_32_BIT_CONVERSION = YES;
				GCC_WARN_ABOUT_RETURN_TYPE = YES_ERROR;
				GCC_WARN_UNDECLARED_SELECTOR = YES;
				GCC_WARN_UNINITIALIZED_AUTOS = YES_AGGRESSIVE;
				GCC_WARN_UNUSED_FUNCTION = YES;
				GCC_WARN_UNUSED_VARIABLE = YES;
				IPHONEOS_DEPLOYMENT_TARGET = 15.4;
				MTL_ENABLE_DEBUG_INFO = INCLUDE_SOURCE;
				MTL_FAST_MATH = YES;
				ONLY_ACTIVE_ARCH = YES;
				SDKROOT = iphoneos;
				SWIFT_ACTIVE_COMPILATION_CONDITIONS = DEBUG;
				SWIFT_OPTIMIZATION_LEVEL = "-Onone";
			};
			name = Debug;
		};
		4ECAAA8A282D815000519EF6 /* Release */ = {
			isa = XCBuildConfiguration;
			buildSettings = {
				ALWAYS_SEARCH_USER_PATHS = NO;
				CLANG_ANALYZER_NONNULL = YES;
				CLANG_ANALYZER_NUMBER_OBJECT_CONVERSION = YES_AGGRESSIVE;
				CLANG_CXX_LANGUAGE_STANDARD = "gnu++17";
				CLANG_ENABLE_MODULES = YES;
				CLANG_ENABLE_OBJC_ARC = YES;
				CLANG_ENABLE_OBJC_WEAK = YES;
				CLANG_WARN_BLOCK_CAPTURE_AUTORELEASING = YES;
				CLANG_WARN_BOOL_CONVERSION = YES;
				CLANG_WARN_COMMA = YES;
				CLANG_WARN_CONSTANT_CONVERSION = YES;
				CLANG_WARN_DEPRECATED_OBJC_IMPLEMENTATIONS = YES;
				CLANG_WARN_DIRECT_OBJC_ISA_USAGE = YES_ERROR;
				CLANG_WARN_DOCUMENTATION_COMMENTS = YES;
				CLANG_WARN_EMPTY_BODY = YES;
				CLANG_WARN_ENUM_CONVERSION = YES;
				CLANG_WARN_INFINITE_RECURSION = YES;
				CLANG_WARN_INT_CONVERSION = YES;
				CLANG_WARN_NON_LITERAL_NULL_CONVERSION = YES;
				CLANG_WARN_OBJC_IMPLICIT_RETAIN_SELF = YES;
				CLANG_WARN_OBJC_LITERAL_CONVERSION = YES;
				CLANG_WARN_OBJC_ROOT_CLASS = YES_ERROR;
				CLANG_WARN_QUOTED_INCLUDE_IN_FRAMEWORK_HEADER = YES;
				CLANG_WARN_RANGE_LOOP_ANALYSIS = YES;
				CLANG_WARN_STRICT_PROTOTYPES = YES;
				CLANG_WARN_SUSPICIOUS_MOVE = YES;
				CLANG_WARN_UNGUARDED_AVAILABILITY = YES_AGGRESSIVE;
				CLANG_WARN_UNREACHABLE_CODE = YES;
				CLANG_WARN__DUPLICATE_METHOD_MATCH = YES;
				COPY_PHASE_STRIP = NO;
				DEBUG_INFORMATION_FORMAT = "dwarf-with-dsym";
				ENABLE_NS_ASSERTIONS = NO;
				ENABLE_STRICT_OBJC_MSGSEND = YES;
				GCC_C_LANGUAGE_STANDARD = gnu11;
				GCC_NO_COMMON_BLOCKS = YES;
				GCC_WARN_64_TO_32_BIT_CONVERSION = YES;
				GCC_WARN_ABOUT_RETURN_TYPE = YES_ERROR;
				GCC_WARN_UNDECLARED_SELECTOR = YES;
				GCC_WARN_UNINITIALIZED_AUTOS = YES_AGGRESSIVE;
				GCC_WARN_UNUSED_FUNCTION = YES;
				GCC_WARN_UNUSED_VARIABLE = YES;
				IPHONEOS_DEPLOYMENT_TARGET = 15.4;
				MTL_ENABLE_DEBUG_INFO = NO;
				MTL_FAST_MATH = YES;
				SDKROOT = iphoneos;
				SWIFT_COMPILATION_MODE = wholemodule;
				SWIFT_OPTIMIZATION_LEVEL = "-O";
				VALIDATE_PRODUCT = YES;
			};
			name = Release;
		};
		4ECAAA8C282D815000519EF6 /* Debug */ = {
			isa = XCBuildConfiguration;
			buildSettings = {
				ASSETCATALOG_COMPILER_APPICON_NAME = AppIcon;
				ASSETCATALOG_COMPILER_GLOBAL_ACCENT_COLOR_NAME = AccentColor;
				CODE_SIGN_STYLE = Automatic;
				CURRENT_PROJECT_VERSION = 1;
				DEVELOPMENT_ASSET_PATHS = "\"Bullseye/App/Preview Content\"";
				ENABLE_PREVIEWS = YES;
				GENERATE_INFOPLIST_FILE = YES;
				INFOPLIST_KEY_UIApplicationSceneManifest_Generation = YES;
				INFOPLIST_KEY_UIApplicationSupportsIndirectInputEvents = YES;
				INFOPLIST_KEY_UILaunchScreen_Generation = YES;
				INFOPLIST_KEY_UISupportedInterfaceOrientations_iPad = "UIInterfaceOrientationPortrait UIInterfaceOrientationPortraitUpsideDown UIInterfaceOrientationLandscapeLeft UIInterfaceOrientationLandscapeRight";
				INFOPLIST_KEY_UISupportedInterfaceOrientations_iPhone = "UIInterfaceOrientationPortrait UIInterfaceOrientationLandscapeLeft UIInterfaceOrientationLandscapeRight";
				LD_RUNPATH_SEARCH_PATHS = (
					"$(inherited)",
					"@executable_path/Frameworks",
				);
				MARKETING_VERSION = 1.0;
				PRODUCT_BUNDLE_IDENTIFIER = bekocan.Bullseye;
				PRODUCT_NAME = "$(TARGET_NAME)";
				SWIFT_EMIT_LOC_STRINGS = YES;
				SWIFT_VERSION = 5.0;
				TARGETED_DEVICE_FAMILY = "1,2";
			};
			name = Debug;
		};
		4ECAAA8D282D815000519EF6 /* Release */ = {
			isa = XCBuildConfiguration;
			buildSettings = {
				ASSETCATALOG_COMPILER_APPICON_NAME = AppIcon;
				ASSETCATALOG_COMPILER_GLOBAL_ACCENT_COLOR_NAME = AccentColor;
				CODE_SIGN_STYLE = Automatic;
				CURRENT_PROJECT_VERSION = 1;
				DEVELOPMENT_ASSET_PATHS = "\"Bullseye/App/Preview Content\"";
				ENABLE_PREVIEWS = YES;
				GENERATE_INFOPLIST_FILE = YES;
				INFOPLIST_KEY_UIApplicationSceneManifest_Generation = YES;
				INFOPLIST_KEY_UIApplicationSupportsIndirectInputEvents = YES;
				INFOPLIST_KEY_UILaunchScreen_Generation = YES;
				INFOPLIST_KEY_UISupportedInterfaceOrientations_iPad = "UIInterfaceOrientationPortrait UIInterfaceOrientationPortraitUpsideDown UIInterfaceOrientationLandscapeLeft UIInterfaceOrientationLandscapeRight";
				INFOPLIST_KEY_UISupportedInterfaceOrientations_iPhone = "UIInterfaceOrientationPortrait UIInterfaceOrientationLandscapeLeft UIInterfaceOrientationLandscapeRight";
				LD_RUNPATH_SEARCH_PATHS = (
					"$(inherited)",
					"@executable_path/Frameworks",
				);
				MARKETING_VERSION = 1.0;
				PRODUCT_BUNDLE_IDENTIFIER = bekocan.Bullseye;
				PRODUCT_NAME = "$(TARGET_NAME)";
				SWIFT_EMIT_LOC_STRINGS = YES;
				SWIFT_VERSION = 5.0;
				TARGETED_DEVICE_FAMILY = "1,2";
			};
			name = Release;
		};
		4ECAAA8F282D815000519EF6 /* Debug */ = {
			isa = XCBuildConfiguration;
			buildSettings = {
				ALWAYS_EMBED_SWIFT_STANDARD_LIBRARIES = YES;
				BUNDLE_LOADER = "$(TEST_HOST)";
				CODE_SIGN_STYLE = Automatic;
				CURRENT_PROJECT_VERSION = 1;
				GENERATE_INFOPLIST_FILE = YES;
				IPHONEOS_DEPLOYMENT_TARGET = 15.4;
				MARKETING_VERSION = 1.0;
				PRODUCT_BUNDLE_IDENTIFIER = bekocan.BullseyeTests;
				PRODUCT_NAME = "$(TARGET_NAME)";
				SWIFT_EMIT_LOC_STRINGS = NO;
				SWIFT_VERSION = 5.0;
				TARGETED_DEVICE_FAMILY = "1,2";
				TEST_HOST = "$(BUILT_PRODUCTS_DIR)/Bullseye.app/Bullseye";
			};
			name = Debug;
		};
		4ECAAA90282D815000519EF6 /* Release */ = {
			isa = XCBuildConfiguration;
			buildSettings = {
				ALWAYS_EMBED_SWIFT_STANDARD_LIBRARIES = YES;
				BUNDLE_LOADER = "$(TEST_HOST)";
				CODE_SIGN_STYLE = Automatic;
				CURRENT_PROJECT_VERSION = 1;
				GENERATE_INFOPLIST_FILE = YES;
				IPHONEOS_DEPLOYMENT_TARGET = 15.4;
				MARKETING_VERSION = 1.0;
				PRODUCT_BUNDLE_IDENTIFIER = bekocan.BullseyeTests;
				PRODUCT_NAME = "$(TARGET_NAME)";
				SWIFT_EMIT_LOC_STRINGS = NO;
				SWIFT_VERSION = 5.0;
				TARGETED_DEVICE_FAMILY = "1,2";
				TEST_HOST = "$(BUILT_PRODUCTS_DIR)/Bullseye.app/Bullseye";
			};
			name = Release;
		};
		4ECAAA92282D815000519EF6 /* Debug */ = {
			isa = XCBuildConfiguration;
			buildSettings = {
				ALWAYS_EMBED_SWIFT_STANDARD_LIBRARIES = YES;
				CODE_SIGN_STYLE = Automatic;
				CURRENT_PROJECT_VERSION = 1;
				GENERATE_INFOPLIST_FILE = YES;
				MARKETING_VERSION = 1.0;
				PRODUCT_BUNDLE_IDENTIFIER = bekocan.BullseyeUITests;
				PRODUCT_NAME = "$(TARGET_NAME)";
				SWIFT_EMIT_LOC_STRINGS = NO;
				SWIFT_VERSION = 5.0;
				TARGETED_DEVICE_FAMILY = "1,2";
				TEST_TARGET_NAME = Bullseye;
			};
			name = Debug;
		};
		4ECAAA93282D815000519EF6 /* Release */ = {
			isa = XCBuildConfiguration;
			buildSettings = {
				ALWAYS_EMBED_SWIFT_STANDARD_LIBRARIES = YES;
				CODE_SIGN_STYLE = Automatic;
				CURRENT_PROJECT_VERSION = 1;
				GENERATE_INFOPLIST_FILE = YES;
				MARKETING_VERSION = 1.0;
				PRODUCT_BUNDLE_IDENTIFIER = bekocan.BullseyeUITests;
				PRODUCT_NAME = "$(TARGET_NAME)";
				SWIFT_EMIT_LOC_STRINGS = NO;
				SWIFT_VERSION = 5.0;
				TARGETED_DEVICE_FAMILY = "1,2";
				TEST_TARGET_NAME = Bullseye;
			};
			name = Release;
		};
/* End XCBuildConfiguration section */

/* Begin XCConfigurationList section */
		4ECAAA62282D814D00519EF6 /* Build configuration list for PBXProject "Bullseye" */ = {
			isa = XCConfigurationList;
			buildConfigurations = (
				4ECAAA89282D815000519EF6 /* Debug */,
				4ECAAA8A282D815000519EF6 /* Release */,
			);
			defaultConfigurationIsVisible = 0;
			defaultConfigurationName = Release;
		};
		4ECAAA8B282D815000519EF6 /* Build configuration list for PBXNativeTarget "Bullseye" */ = {
			isa = XCConfigurationList;
			buildConfigurations = (
				4ECAAA8C282D815000519EF6 /* Debug */,
				4ECAAA8D282D815000519EF6 /* Release */,
			);
			defaultConfigurationIsVisible = 0;
			defaultConfigurationName = Release;
		};
		4ECAAA8E282D815000519EF6 /* Build configuration list for PBXNativeTarget "BullseyeTests" */ = {
			isa = XCConfigurationList;
			buildConfigurations = (
				4ECAAA8F282D815000519EF6 /* Debug */,
				4ECAAA90282D815000519EF6 /* Release */,
			);
			defaultConfigurationIsVisible = 0;
			defaultConfigurationName = Release;
		};
		4ECAAA91282D815000519EF6 /* Build configuration list for PBXNativeTarget "BullseyeUITests" */ = {
			isa = XCConfigurationList;
			buildConfigurations = (
				4ECAAA92282D815000519EF6 /* Debug */,
				4ECAAA93282D815000519EF6 /* Release */,
			);
			defaultConfigurationIsVisible = 0;
			defaultConfigurationName = Release;
		};
/* End XCConfigurationList section */
	};
	rootObject = 4ECAAA5F282D814D00519EF6 /* Project object */;
}
